PODS:
  - HHUIBase_Swift (0.1.0):
    - MJExtension
  - MJExtension (3.1.0)

DEPENDENCIES:
  - HHUIBase_Swift (from `../`)

SPEC REPOS:
  https://github.com/cocoapods/specs.git:
    - MJExtension

EXTERNAL SOURCES:
  HHUIBase_Swift:
    :path: "../"

SPEC CHECKSUMS:
  HHUIBase_Swift: 178668bca52159446d4db3213c3d2b010611f14a
  MJExtension: 6b69b3bef2864fd550ce1a184eda219e321209d2

PODFILE CHECKSUM: b50b390b61e4077b2aed0b26a6b89ab249dde1ee

COCOAPODS: 1.7.5
